
Microsoft Visual Studio Solution File, Format Version 12.00
# Visual Studio Version 17
VisualStudioVersion = 17.12.35527.113
MinimumVisualStudioVersion = 10.0.40219.1
Project("{FAE04EC0-301F-11D3-BF4B-00C04F79EFBC}") = "DotnetBarcelona.Actors.WebAPI", "DotnetBarcelona.Actors.WebAPI\DotnetBarcelona.Actors.WebAPI.csproj", "{69EC0B51-FA27-4367-A264-E2F0F3A049C3}"
EndProject
Project("{FAE04EC0-301F-11D3-BF4B-00C04F79EFBC}") = "DotnetBarcelona.Films.WebAPI", "DotnetBarcelona.Films.WebAPI\DotnetBarcelona.Films.WebAPI.csproj", "{B7D371EC-2D9E-4D8F-B1B0-F4E1C0FCF138}"
EndProject
Project("{FAE04EC0-301F-11D3-BF4B-00C04F79EFBC}") = "DotnetBarcelona.FilmsManager.AppHost", "DotnetBarcelona.FilmsManager.AppHost\DotnetBarcelona.FilmsManager.AppHost.csproj", "{C1564DFF-0354-45E5-B191-0036AADA5947}"
EndProject
Project("{FAE04EC0-301F-11D3-BF4B-00C04F79EFBC}") = "DotnetBarcelona.FilmsManager.ServiceDefaults", "DotnetBarcelona.FilmsManager.ServiceDefaults\DotnetBarcelona.FilmsManager.ServiceDefaults.csproj", "{523525C7-448D-4193-8FC3-AED6D03CD564}"
EndProject
Project("{FAE04EC0-301F-11D3-BF4B-00C04F79EFBC}") = "DotnetBarcelona.FilmsManager.WebUI.Server", "DotnetBarcelona.FilmsManager.WebUI.Server\DotnetBarcelona.FilmsManager.WebUI.Server.csproj", "{B556E2E9-4E7B-483E-B83F-C9B2501187A2}"
EndProject
Project("{FAE04EC0-301F-11D3-BF4B-00C04F79EFBC}") = "DotnetBarcelona.Actors.Shared", "DotnetBarcelona.Actors.Shared\DotnetBarcelona.Actors.Shared.csproj", "{02D4CA25-2203-4030-9C3B-E77182F4EC04}"
EndProject
Project("{FAE04EC0-301F-11D3-BF4B-00C04F79EFBC}") = "DotnetBarcelona.Films.Shared", "DotnetBarcelona.Films.Shared\DotnetBarcelona.Films.Shared.csproj", "{A12AB128-A91F-4FDA-A86D-E2F74AB0CFE7}"
EndProject
Project("{FAE04EC0-301F-11D3-BF4B-00C04F79EFBC}") = "DotnetBarcelona.FilmsManager.Shared", "DotnetBarcelona.FilmsManager.Shared\DotnetBarcelona.FilmsManager.Shared.csproj", "{10450331-2B4D-4CEF-AD26-B0CABDDC2F21}"
EndProject
Project("{2150E333-8FDC-42A3-9474-1A3956D46DE8}") = "1. Orchestration", "1. Orchestration", "{0F4AD921-D729-490B-BE50-1B2BDEE6AED7}"
EndProject
Project("{2150E333-8FDC-42A3-9474-1A3956D46DE8}") = "2. Frontend", "2. Frontend", "{5B591647-F093-4E59-9804-557D79C6FC11}"
EndProject
Project("{2150E333-8FDC-42A3-9474-1A3956D46DE8}") = "3. Backend", "3. Backend", "{DBDE4EB3-F523-4EC3-B7FF-BE306A542F1A}"
EndProject
Project("{2150E333-8FDC-42A3-9474-1A3956D46DE8}") = "Actors", "Actors", "{751AC6A9-B0DF-4854-A1CC-602AA0B0AF59}"
EndProject
Project("{2150E333-8FDC-42A3-9474-1A3956D46DE8}") = "Films", "Films", "{4922F962-63D9-46FC-AE00-24AF5BF9415F}"
EndProject
Project("{2150E333-8FDC-42A3-9474-1A3956D46DE8}") = "utils", "utils", "{0EE12DDE-F54C-4E39-A1B7-E845155028F7}"
	ProjectSection(SolutionItems) = preProject
		utils\DotnetBarcelona.Actors.WebAPI.http = utils\DotnetBarcelona.Actors.WebAPI.http
		utils\SQL_Script_Actors.sql = utils\SQL_Script_Actors.sql
	EndProjectSection
EndProject
Project("{2150E333-8FDC-42A3-9474-1A3956D46DE8}") = "utils", "utils", "{9E24FEF3-4D0D-4516-8523-7104F9C1F484}"
	ProjectSection(SolutionItems) = preProject
		utils\DotnetBarcelona.Films.WebAPI.http = utils\DotnetBarcelona.Films.WebAPI.http
		utils\SQL_Script_Films.sql = utils\SQL_Script_Films.sql
	EndProjectSection
EndProject
Project("{FAE04EC0-301F-11D3-BF4B-00C04F79EFBC}") = "DotnetBarcelona.FilmsManager.WebUI.Client", "DotnetBarcelona.FilmsManager.WebUI.Client\DotnetBarcelona.FilmsManager.WebUI.Client.csproj", "{1FA51283-71AE-44E6-8A5A-16C3442FDD3B}"
EndProject
Global
	GlobalSection(SolutionConfigurationPlatforms) = preSolution
		Debug|Any CPU = Debug|Any CPU
		Release|Any CPU = Release|Any CPU
	EndGlobalSection
	GlobalSection(ProjectConfigurationPlatforms) = postSolution
		{69EC0B51-FA27-4367-A264-E2F0F3A049C3}.Debug|Any CPU.ActiveCfg = Debug|Any CPU
		{69EC0B51-FA27-4367-A264-E2F0F3A049C3}.Debug|Any CPU.Build.0 = Debug|Any CPU
		{69EC0B51-FA27-4367-A264-E2F0F3A049C3}.Release|Any CPU.ActiveCfg = Release|Any CPU
		{69EC0B51-FA27-4367-A264-E2F0F3A049C3}.Release|Any CPU.Build.0 = Release|Any CPU
		{B7D371EC-2D9E-4D8F-B1B0-F4E1C0FCF138}.Debug|Any CPU.ActiveCfg = Debug|Any CPU
		{B7D371EC-2D9E-4D8F-B1B0-F4E1C0FCF138}.Debug|Any CPU.Build.0 = Debug|Any CPU
		{B7D371EC-2D9E-4D8F-B1B0-F4E1C0FCF138}.Release|Any CPU.ActiveCfg = Release|Any CPU
		{B7D371EC-2D9E-4D8F-B1B0-F4E1C0FCF138}.Release|Any CPU.Build.0 = Release|Any CPU
		{C1564DFF-0354-45E5-B191-0036AADA5947}.Debug|Any CPU.ActiveCfg = Debug|Any CPU
		{C1564DFF-0354-45E5-B191-0036AADA5947}.Debug|Any CPU.Build.0 = Debug|Any CPU
		{C1564DFF-0354-45E5-B191-0036AADA5947}.Release|Any CPU.ActiveCfg = Release|Any CPU
		{C1564DFF-0354-45E5-B191-0036AADA5947}.Release|Any CPU.Build.0 = Release|Any CPU
		{523525C7-448D-4193-8FC3-AED6D03CD564}.Debug|Any CPU.ActiveCfg = Debug|Any CPU
		{523525C7-448D-4193-8FC3-AED6D03CD564}.Debug|Any CPU.Build.0 = Debug|Any CPU
		{523525C7-448D-4193-8FC3-AED6D03CD564}.Release|Any CPU.ActiveCfg = Release|Any CPU
		{523525C7-448D-4193-8FC3-AED6D03CD564}.Release|Any CPU.Build.0 = Release|Any CPU
		{B556E2E9-4E7B-483E-B83F-C9B2501187A2}.Debug|Any CPU.ActiveCfg = Debug|Any CPU
		{B556E2E9-4E7B-483E-B83F-C9B2501187A2}.Debug|Any CPU.Build.0 = Debug|Any CPU
		{B556E2E9-4E7B-483E-B83F-C9B2501187A2}.Release|Any CPU.ActiveCfg = Release|Any CPU
		{B556E2E9-4E7B-483E-B83F-C9B2501187A2}.Release|Any CPU.Build.0 = Release|Any CPU
		{02D4CA25-2203-4030-9C3B-E77182F4EC04}.Debug|Any CPU.ActiveCfg = Debug|Any CPU
		{02D4CA25-2203-4030-9C3B-E77182F4EC04}.Debug|Any CPU.Build.0 = Debug|Any CPU
		{02D4CA25-2203-4030-9C3B-E77182F4EC04}.Release|Any CPU.ActiveCfg = Release|Any CPU
		{02D4CA25-2203-4030-9C3B-E77182F4EC04}.Release|Any CPU.Build.0 = Release|Any CPU
		{A12AB128-A91F-4FDA-A86D-E2F74AB0CFE7}.Debug|Any CPU.ActiveCfg = Debug|Any CPU
		{A12AB128-A91F-4FDA-A86D-E2F74AB0CFE7}.Debug|Any CPU.Build.0 = Debug|Any CPU
		{A12AB128-A91F-4FDA-A86D-E2F74AB0CFE7}.Release|Any CPU.ActiveCfg = Release|Any CPU
		{A12AB128-A91F-4FDA-A86D-E2F74AB0CFE7}.Release|Any CPU.Build.0 = Release|Any CPU
		{10450331-2B4D-4CEF-AD26-B0CABDDC2F21}.Debug|Any CPU.ActiveCfg = Debug|Any CPU
		{10450331-2B4D-4CEF-AD26-B0CABDDC2F21}.Debug|Any CPU.Build.0 = Debug|Any CPU
		{10450331-2B4D-4CEF-AD26-B0CABDDC2F21}.Release|Any CPU.ActiveCfg = Release|Any CPU
		{10450331-2B4D-4CEF-AD26-B0CABDDC2F21}.Release|Any CPU.Build.0 = Release|Any CPU
		{1FA51283-71AE-44E6-8A5A-16C3442FDD3B}.Debug|Any CPU.ActiveCfg = Debug|Any CPU
		{1FA51283-71AE-44E6-8A5A-16C3442FDD3B}.Debug|Any CPU.Build.0 = Debug|Any CPU
		{1FA51283-71AE-44E6-8A5A-16C3442FDD3B}.Release|Any CPU.ActiveCfg = Release|Any CPU
		{1FA51283-71AE-44E6-8A5A-16C3442FDD3B}.Release|Any CPU.Build.0 = Release|Any CPU
	EndGlobalSection
	GlobalSection(SolutionProperties) = preSolution
		HideSolutionNode = FALSE
	EndGlobalSection
	GlobalSection(NestedProjects) = preSolution
		{69EC0B51-FA27-4367-A264-E2F0F3A049C3} = {751AC6A9-B0DF-4854-A1CC-602AA0B0AF59}
		{B7D371EC-2D9E-4D8F-B1B0-F4E1C0FCF138} = {4922F962-63D9-46FC-AE00-24AF5BF9415F}
		{C1564DFF-0354-45E5-B191-0036AADA5947} = {0F4AD921-D729-490B-BE50-1B2BDEE6AED7}
		{523525C7-448D-4193-8FC3-AED6D03CD564} = {0F4AD921-D729-490B-BE50-1B2BDEE6AED7}
		{B556E2E9-4E7B-483E-B83F-C9B2501187A2} = {5B591647-F093-4E59-9804-557D79C6FC11}
		{02D4CA25-2203-4030-9C3B-E77182F4EC04} = {751AC6A9-B0DF-4854-A1CC-602AA0B0AF59}
		{A12AB128-A91F-4FDA-A86D-E2F74AB0CFE7} = {4922F962-63D9-46FC-AE00-24AF5BF9415F}
		{10450331-2B4D-4CEF-AD26-B0CABDDC2F21} = {5B591647-F093-4E59-9804-557D79C6FC11}
		{751AC6A9-B0DF-4854-A1CC-602AA0B0AF59} = {DBDE4EB3-F523-4EC3-B7FF-BE306A542F1A}
		{4922F962-63D9-46FC-AE00-24AF5BF9415F} = {DBDE4EB3-F523-4EC3-B7FF-BE306A542F1A}
		{0EE12DDE-F54C-4E39-A1B7-E845155028F7} = {751AC6A9-B0DF-4854-A1CC-602AA0B0AF59}
		{9E24FEF3-4D0D-4516-8523-7104F9C1F484} = {4922F962-63D9-46FC-AE00-24AF5BF9415F}
		{1FA51283-71AE-44E6-8A5A-16C3442FDD3B} = {5B591647-F093-4E59-9804-557D79C6FC11}
	EndGlobalSection
EndGlobal
