
Microsoft Visual Studio Solution File, Format Version 12.00
# Visual Studio Version 17
VisualStudioVersion = 17.12.35527.113
MinimumVisualStudioVersion = 10.0.40219.1
Project("{FAE04EC0-301F-11D3-BF4B-00C04F79EFBC}") = "Xaberue.Playground.HospitalManager.Patients.WebAPI", "Backend\Patients\Xaberue.Playground.HospitalManager.Patients.WebAPI\Xaberue.Playground.HospitalManager.Patients.WebAPI.csproj", "{69EC0B51-FA27-4367-A264-E2F0F3A049C3}"
EndProject
Project("{FAE04EC0-301F-11D3-BF4B-00C04F79EFBC}") = "Xaberue.Playground.HospitalManager.Doctors.WebAPI", "Backend\Doctors\Xaberue.Playground.HospitalManager.Doctors.WebAPI\Xaberue.Playground.HospitalManager.Doctors.WebAPI.csproj", "{B7D371EC-2D9E-4D8F-B1B0-F4E1C0FCF138}"
EndProject
Project("{FAE04EC0-301F-11D3-BF4B-00C04F79EFBC}") = "Xaberue.Playground.HospitalManager.AppHost", "Orchestration\Xaberue.Playground.HospitalManager.AppHost\Xaberue.Playground.HospitalManager.AppHost.csproj", "{C1564DFF-0354-45E5-B191-0036AADA5947}"
EndProject
Project("{FAE04EC0-301F-11D3-BF4B-00C04F79EFBC}") = "Xaberue.Playground.HospitalManager.ServiceDefaults", "Orchestration\Xaberue.Playground.HospitalManager.ServiceDefaults\Xaberue.Playground.HospitalManager.ServiceDefaults.csproj", "{523525C7-448D-4193-8FC3-AED6D03CD564}"
EndProject
Project("{2150E333-8FDC-42A3-9474-1A3956D46DE8}") = "1. Orchestration", "1. Orchestration", "{0F4AD921-D729-490B-BE50-1B2BDEE6AED7}"
EndProject
Project("{2150E333-8FDC-42A3-9474-1A3956D46DE8}") = "2. Frontend", "2. Frontend", "{5B591647-F093-4E59-9804-557D79C6FC11}"
EndProject
Project("{2150E333-8FDC-42A3-9474-1A3956D46DE8}") = "3. Backend", "3. Backend", "{DBDE4EB3-F523-4EC3-B7FF-BE306A542F1A}"
EndProject
Project("{2150E333-8FDC-42A3-9474-1A3956D46DE8}") = "Patients", "Patients", "{751AC6A9-B0DF-4854-A1CC-602AA0B0AF59}"
	ProjectSection(SolutionItems) = preProject
		Backend\Patients\patients.proto = Backend\Patients\patients.proto
		Backend\Patients\PatientsApi.http = Backend\Patients\PatientsApi.http
		Backend\Patients\SQL_Script_Patients.sql = Backend\Patients\SQL_Script_Patients.sql
	EndProjectSection
EndProject
Project("{2150E333-8FDC-42A3-9474-1A3956D46DE8}") = "Doctors", "Doctors", "{4922F962-63D9-46FC-AE00-24AF5BF9415F}"
	ProjectSection(SolutionItems) = preProject
		Backend\Doctors\doctors.proto = Backend\Doctors\doctors.proto
		Backend\Doctors\DoctorsApi.http = Backend\Doctors\DoctorsApi.http
		Backend\Doctors\SQL_Script_Doctors.sql = Backend\Doctors\SQL_Script_Doctors.sql
	EndProjectSection
EndProject
Project("{2150E333-8FDC-42A3-9474-1A3956D46DE8}") = "Appointments", "Appointments", "{02EA681E-C7D8-13C7-8484-4AC65E1B71E8}"
	ProjectSection(SolutionItems) = preProject
		Backend\Appointments\appointments.proto = Backend\Appointments\appointments.proto
		Backend\Appointments\AppointmentsApi.http = Backend\Appointments\AppointmentsApi.http
	EndProjectSection
EndProject
Project("{FAE04EC0-301F-11D3-BF4B-00C04F79EFBC}") = "Xaberue.Playground.HospitalManager.Appointments.WebAPI", "Backend\Appointments\Xaberue.Playground.HospitalManager.Appointments.WebAPI\Xaberue.Playground.HospitalManager.Appointments.WebAPI.csproj", "{6B89CA5C-1A80-2385-CF0A-5C62A65A39D4}"
EndProject
Project("{FAE04EC0-301F-11D3-BF4B-00C04F79EFBC}") = "Xaberue.Playground.HospitalManager.Patients.Shared", "Backend\Patients\Xaberue.Playground.HospitalManager.Patients.Shared\Xaberue.Playground.HospitalManager.Patients.Shared.csproj", "{06FD44A1-9574-4C92-A751-F27E056007B3}"
EndProject
Project("{FAE04EC0-301F-11D3-BF4B-00C04F79EFBC}") = "Xaberue.Playground.HospitalManager.Doctors.Shared", "Backend\Doctors\Xaberue.Playground.HospitalManager.Doctors.Shared\Xaberue.Playground.HospitalManager.Doctors.Shared.csproj", "{227C553B-2C00-4281-A785-BE3BEDB1F44D}"
EndProject
Project("{FAE04EC0-301F-11D3-BF4B-00C04F79EFBC}") = "Xaberue.Playground.HospitalManager.Appointments.Shared", "Backend\Appointments\Xaberue.Playground.HospitalManager.Appointments.Shared\Xaberue.Playground.HospitalManager.Appointments.Shared.csproj", "{8777FE28-1C83-4A82-80CE-BC373155A212}"
EndProject
Project("{FAE04EC0-301F-11D3-BF4B-00C04F79EFBC}") = "Xaberue.Playground.HospitalManager.WebUI.Server", "Frontend\Xaberue.Playground.HospitalManager.WebUI.Server\Xaberue.Playground.HospitalManager.WebUI.Server.csproj", "{94354B70-0CD3-4061-B629-6B981DBB6242}"
EndProject
Project("{FAE04EC0-301F-11D3-BF4B-00C04F79EFBC}") = "Xaberue.Playground.HospitalManager.WebUI.Client", "Frontend\Xaberue.Playground.HospitalManager.WebUI.Client\Xaberue.Playground.HospitalManager.WebUI.Client.csproj", "{A5650D53-70AB-4CAA-BD0B-900C076600B4}"
EndProject
Project("{FAE04EC0-301F-11D3-BF4B-00C04F79EFBC}") = "Xaberue.Playground.HospitalManager.WebUI.Shared", "Frontend\Xaberue.Playground.HospitalManager.WebUI.Shared\Xaberue.Playground.HospitalManager.WebUI.Shared.csproj", "{121731F3-0440-4DB0-8926-CB3603209686}"
EndProject
Global
	GlobalSection(SolutionConfigurationPlatforms) = preSolution
		Debug|Any CPU = Debug|Any CPU
		Release|Any CPU = Release|Any CPU
	EndGlobalSection
	GlobalSection(ProjectConfigurationPlatforms) = postSolution
		{69EC0B51-FA27-4367-A264-E2F0F3A049C3}.Debug|Any CPU.ActiveCfg = Debug|Any CPU
		{69EC0B51-FA27-4367-A264-E2F0F3A049C3}.Debug|Any CPU.Build.0 = Debug|Any CPU
		{69EC0B51-FA27-4367-A264-E2F0F3A049C3}.Release|Any CPU.ActiveCfg = Release|Any CPU
		{69EC0B51-FA27-4367-A264-E2F0F3A049C3}.Release|Any CPU.Build.0 = Release|Any CPU
		{B7D371EC-2D9E-4D8F-B1B0-F4E1C0FCF138}.Debug|Any CPU.ActiveCfg = Debug|Any CPU
		{B7D371EC-2D9E-4D8F-B1B0-F4E1C0FCF138}.Debug|Any CPU.Build.0 = Debug|Any CPU
		{B7D371EC-2D9E-4D8F-B1B0-F4E1C0FCF138}.Release|Any CPU.ActiveCfg = Release|Any CPU
		{B7D371EC-2D9E-4D8F-B1B0-F4E1C0FCF138}.Release|Any CPU.Build.0 = Release|Any CPU
		{C1564DFF-0354-45E5-B191-0036AADA5947}.Debug|Any CPU.ActiveCfg = Debug|Any CPU
		{C1564DFF-0354-45E5-B191-0036AADA5947}.Debug|Any CPU.Build.0 = Debug|Any CPU
		{C1564DFF-0354-45E5-B191-0036AADA5947}.Release|Any CPU.ActiveCfg = Release|Any CPU
		{C1564DFF-0354-45E5-B191-0036AADA5947}.Release|Any CPU.Build.0 = Release|Any CPU
		{523525C7-448D-4193-8FC3-AED6D03CD564}.Debug|Any CPU.ActiveCfg = Debug|Any CPU
		{523525C7-448D-4193-8FC3-AED6D03CD564}.Debug|Any CPU.Build.0 = Debug|Any CPU
		{523525C7-448D-4193-8FC3-AED6D03CD564}.Release|Any CPU.ActiveCfg = Release|Any CPU
		{523525C7-448D-4193-8FC3-AED6D03CD564}.Release|Any CPU.Build.0 = Release|Any CPU
		{6B89CA5C-1A80-2385-CF0A-5C62A65A39D4}.Debug|Any CPU.ActiveCfg = Debug|Any CPU
		{6B89CA5C-1A80-2385-CF0A-5C62A65A39D4}.Debug|Any CPU.Build.0 = Debug|Any CPU
		{6B89CA5C-1A80-2385-CF0A-5C62A65A39D4}.Release|Any CPU.ActiveCfg = Release|Any CPU
		{6B89CA5C-1A80-2385-CF0A-5C62A65A39D4}.Release|Any CPU.Build.0 = Release|Any CPU
		{06FD44A1-9574-4C92-A751-F27E056007B3}.Debug|Any CPU.ActiveCfg = Debug|Any CPU
		{06FD44A1-9574-4C92-A751-F27E056007B3}.Debug|Any CPU.Build.0 = Debug|Any CPU
		{06FD44A1-9574-4C92-A751-F27E056007B3}.Release|Any CPU.ActiveCfg = Release|Any CPU
		{06FD44A1-9574-4C92-A751-F27E056007B3}.Release|Any CPU.Build.0 = Release|Any CPU
		{227C553B-2C00-4281-A785-BE3BEDB1F44D}.Debug|Any CPU.ActiveCfg = Debug|Any CPU
		{227C553B-2C00-4281-A785-BE3BEDB1F44D}.Debug|Any CPU.Build.0 = Debug|Any CPU
		{227C553B-2C00-4281-A785-BE3BEDB1F44D}.Release|Any CPU.ActiveCfg = Release|Any CPU
		{227C553B-2C00-4281-A785-BE3BEDB1F44D}.Release|Any CPU.Build.0 = Release|Any CPU
		{8777FE28-1C83-4A82-80CE-BC373155A212}.Debug|Any CPU.ActiveCfg = Debug|Any CPU
		{8777FE28-1C83-4A82-80CE-BC373155A212}.Debug|Any CPU.Build.0 = Debug|Any CPU
		{8777FE28-1C83-4A82-80CE-BC373155A212}.Release|Any CPU.ActiveCfg = Release|Any CPU
		{8777FE28-1C83-4A82-80CE-BC373155A212}.Release|Any CPU.Build.0 = Release|Any CPU
		{94354B70-0CD3-4061-B629-6B981DBB6242}.Debug|Any CPU.ActiveCfg = Debug|Any CPU
		{94354B70-0CD3-4061-B629-6B981DBB6242}.Debug|Any CPU.Build.0 = Debug|Any CPU
		{94354B70-0CD3-4061-B629-6B981DBB6242}.Release|Any CPU.ActiveCfg = Release|Any CPU
		{94354B70-0CD3-4061-B629-6B981DBB6242}.Release|Any CPU.Build.0 = Release|Any CPU
		{A5650D53-70AB-4CAA-BD0B-900C076600B4}.Debug|Any CPU.ActiveCfg = Debug|Any CPU
		{A5650D53-70AB-4CAA-BD0B-900C076600B4}.Debug|Any CPU.Build.0 = Debug|Any CPU
		{A5650D53-70AB-4CAA-BD0B-900C076600B4}.Release|Any CPU.ActiveCfg = Release|Any CPU
		{A5650D53-70AB-4CAA-BD0B-900C076600B4}.Release|Any CPU.Build.0 = Release|Any CPU
		{121731F3-0440-4DB0-8926-CB3603209686}.Debug|Any CPU.ActiveCfg = Debug|Any CPU
		{121731F3-0440-4DB0-8926-CB3603209686}.Debug|Any CPU.Build.0 = Debug|Any CPU
		{121731F3-0440-4DB0-8926-CB3603209686}.Release|Any CPU.ActiveCfg = Release|Any CPU
		{121731F3-0440-4DB0-8926-CB3603209686}.Release|Any CPU.Build.0 = Release|Any CPU
	EndGlobalSection
	GlobalSection(SolutionProperties) = preSolution
		HideSolutionNode = FALSE
	EndGlobalSection
	GlobalSection(NestedProjects) = preSolution
		{69EC0B51-FA27-4367-A264-E2F0F3A049C3} = {751AC6A9-B0DF-4854-A1CC-602AA0B0AF59}
		{B7D371EC-2D9E-4D8F-B1B0-F4E1C0FCF138} = {4922F962-63D9-46FC-AE00-24AF5BF9415F}
		{C1564DFF-0354-45E5-B191-0036AADA5947} = {0F4AD921-D729-490B-BE50-1B2BDEE6AED7}
		{523525C7-448D-4193-8FC3-AED6D03CD564} = {0F4AD921-D729-490B-BE50-1B2BDEE6AED7}
		{751AC6A9-B0DF-4854-A1CC-602AA0B0AF59} = {DBDE4EB3-F523-4EC3-B7FF-BE306A542F1A}
		{4922F962-63D9-46FC-AE00-24AF5BF9415F} = {DBDE4EB3-F523-4EC3-B7FF-BE306A542F1A}
		{02EA681E-C7D8-13C7-8484-4AC65E1B71E8} = {DBDE4EB3-F523-4EC3-B7FF-BE306A542F1A}
		{6B89CA5C-1A80-2385-CF0A-5C62A65A39D4} = {02EA681E-C7D8-13C7-8484-4AC65E1B71E8}
		{06FD44A1-9574-4C92-A751-F27E056007B3} = {751AC6A9-B0DF-4854-A1CC-602AA0B0AF59}
		{227C553B-2C00-4281-A785-BE3BEDB1F44D} = {4922F962-63D9-46FC-AE00-24AF5BF9415F}
		{8777FE28-1C83-4A82-80CE-BC373155A212} = {02EA681E-C7D8-13C7-8484-4AC65E1B71E8}
		{94354B70-0CD3-4061-B629-6B981DBB6242} = {5B591647-F093-4E59-9804-557D79C6FC11}
		{A5650D53-70AB-4CAA-BD0B-900C076600B4} = {5B591647-F093-4E59-9804-557D79C6FC11}
		{121731F3-0440-4DB0-8926-CB3603209686} = {5B591647-F093-4E59-9804-557D79C6FC11}
	EndGlobalSection
	GlobalSection(ExtensibilityGlobals) = postSolution
		SolutionGuid = {E2E47F13-184A-41E2-B6A5-57DBE52BE903}
	EndGlobalSection
EndGlobal
